// !$*UTF8*$!
{
	archiveVersion = 1;
	classes = {
	};
	objectVersion = 46;
	objects = {

/* Begin PBXBuildFile section */
		4C2804831A3B81310073655C /* CustomCell.swift in Sources */ = {isa = PBXBuildFile; fileRef = 4C2804821A3B81310073655C /* CustomCell.swift */; };
		4C51F6271A3AA1030007DF1E /* icon.png in Resources */ = {isa = PBXBuildFile; fileRef = 4C51F6261A3AA1030007DF1E /* icon.png */; };
		4C51F6291A3AA5F80007DF1E /* data.swift in Sources */ = {isa = PBXBuildFile; fileRef = 4C51F6281A3AA5F80007DF1E /* data.swift */; };
		4C51F62B1A3AA6180007DF1E /* network.swift in Sources */ = {isa = PBXBuildFile; fileRef = 4C51F62A1A3AA6180007DF1E /* network.swift */; };
		4C51F62D1A3AC44C0007DF1E /* CoreLocation.framework in Frameworks */ = {isa = PBXBuildFile; fileRef = 4C51F62C1A3AC44B0007DF1E /* CoreLocation.framework */; };
		4C8CE8661A3A6A6F00377DD2 /* SchismLib.swift in Sources */ = {isa = PBXBuildFile; fileRef = 4C8CE8651A3A6A6F00377DD2 /* SchismLib.swift */; };
		4CD0DA0B1A3A3E3200FCEF43 /* AppDelegate.swift in Sources */ = {isa = PBXBuildFile; fileRef = 4CD0DA0A1A3A3E3200FCEF43 /* AppDelegate.swift */; };
		4CD0DA0D1A3A3E3200FCEF43 /* ViewController.swift in Sources */ = {isa = PBXBuildFile; fileRef = 4CD0DA0C1A3A3E3200FCEF43 /* ViewController.swift */; };
		4CD0DA101A3A3E3200FCEF43 /* Main.storyboard in Resources */ = {isa = PBXBuildFile; fileRef = 4CD0DA0E1A3A3E3200FCEF43 /* Main.storyboard */; };
		4CD0DA151A3A3E3200FCEF43 /* LaunchScreen.xib in Resources */ = {isa = PBXBuildFile; fileRef = 4CD0DA131A3A3E3200FCEF43 /* LaunchScreen.xib */; };
		4CD0DA211A3A3E3300FCEF43 /* SchismTests.swift in Sources */ = {isa = PBXBuildFile; fileRef = 4CD0DA201A3A3E3300FCEF43 /* SchismTests.swift */; };
		4CD0DA2B1A3A55EC00FCEF43 /* ActivesViewController.swift in Sources */ = {isa = PBXBuildFile; fileRef = 4CD0DA2A1A3A55EB00FCEF43 /* ActivesViewController.swift */; };
		4CD0DA2D1A3A560200FCEF43 /* ExpiredsViewController.swift in Sources */ = {isa = PBXBuildFile; fileRef = 4CD0DA2C1A3A560200FCEF43 /* ExpiredsViewController.swift */; };
		4CD0DA2F1A3A561500FCEF43 /* StatsViewController.swift in Sources */ = {isa = PBXBuildFile; fileRef = 4CD0DA2E1A3A561500FCEF43 /* StatsViewController.swift */; };
		4CD0DA311A3A562E00FCEF43 /* NewSchismViewController.swift in Sources */ = {isa = PBXBuildFile; fileRef = 4CD0DA301A3A562E00FCEF43 /* NewSchismViewController.swift */; };
		4CD0DA331A3A563C00FCEF43 /* HelpViewController.swift in Sources */ = {isa = PBXBuildFile; fileRef = 4CD0DA321A3A563C00FCEF43 /* HelpViewController.swift */; };
		4CD85BDB1A3BA54C00AE2368 /* CustomCell1.swift in Sources */ = {isa = PBXBuildFile; fileRef = 4CD85BDA1A3BA54C00AE2368 /* CustomCell1.swift */; };
		4CD85BDF1A3BB9A800AE2368 /* Images.xcassets in Resources */ = {isa = PBXBuildFile; fileRef = 4CD85BDE1A3BB9A800AE2368 /* Images.xcassets */; };
/* End PBXBuildFile section */

/* Begin PBXContainerItemProxy section */
		4CD0DA1B1A3A3E3300FCEF43 /* PBXContainerItemProxy */ = {
			isa = PBXContainerItemProxy;
			containerPortal = 4CD0D9FD1A3A3E3000FCEF43 /* Project object */;
			proxyType = 1;
			remoteGlobalIDString = 4CD0DA041A3A3E3100FCEF43;
			remoteInfo = Schism;
		};
/* End PBXContainerItemProxy section */

/* Begin PBXFileReference section */
		4C2804821A3B81310073655C /* CustomCell.swift */ = {isa = PBXFileReference; fileEncoding = 4; lastKnownFileType = sourcecode.swift; path = CustomCell.swift; sourceTree = "<group>"; };
		4C51F6261A3AA1030007DF1E /* icon.png */ = {isa = PBXFileReference; lastKnownFileType = image.png; path = icon.png; sourceTree = "<group>"; };
		4C51F6281A3AA5F80007DF1E /* data.swift */ = {isa = PBXFileReference; fileEncoding = 4; lastKnownFileType = sourcecode.swift; path = data.swift; sourceTree = "<group>"; };
		4C51F62A1A3AA6180007DF1E /* network.swift */ = {isa = PBXFileReference; fileEncoding = 4; lastKnownFileType = sourcecode.swift; path = network.swift; sourceTree = "<group>"; };
		4C51F62C1A3AC44B0007DF1E /* CoreLocation.framework */ = {isa = PBXFileReference; lastKnownFileType = wrapper.framework; name = CoreLocation.framework; path = System/Library/Frameworks/CoreLocation.framework; sourceTree = SDKROOT; };
		4C8CE8651A3A6A6F00377DD2 /* SchismLib.swift */ = {isa = PBXFileReference; fileEncoding = 4; lastKnownFileType = sourcecode.swift; path = SchismLib.swift; sourceTree = "<group>"; };
		4CD0DA051A3A3E3100FCEF43 /* Schism.app */ = {isa = PBXFileReference; explicitFileType = wrapper.application; includeInIndex = 0; path = Schism.app; sourceTree = BUILT_PRODUCTS_DIR; };
		4CD0DA091A3A3E3200FCEF43 /* Info.plist */ = {isa = PBXFileReference; lastKnownFileType = text.plist.xml; path = Info.plist; sourceTree = "<group>"; };
		4CD0DA0A1A3A3E3200FCEF43 /* AppDelegate.swift */ = {isa = PBXFileReference; lastKnownFileType = sourcecode.swift; path = AppDelegate.swift; sourceTree = "<group>"; };
		4CD0DA0C1A3A3E3200FCEF43 /* ViewController.swift */ = {isa = PBXFileReference; lastKnownFileType = sourcecode.swift; path = ViewController.swift; sourceTree = "<group>"; };
		4CD0DA0F1A3A3E3200FCEF43 /* Base */ = {isa = PBXFileReference; lastKnownFileType = file.storyboard; name = Base; path = Base.lproj/Main.storyboard; sourceTree = "<group>"; };
		4CD0DA141A3A3E3200FCEF43 /* Base */ = {isa = PBXFileReference; lastKnownFileType = file.xib; name = Base; path = Base.lproj/LaunchScreen.xib; sourceTree = "<group>"; };
		4CD0DA1A1A3A3E3300FCEF43 /* SchismTests.xctest */ = {isa = PBXFileReference; explicitFileType = wrapper.cfbundle; includeInIndex = 0; path = SchismTests.xctest; sourceTree = BUILT_PRODUCTS_DIR; };
		4CD0DA1F1A3A3E3300FCEF43 /* Info.plist */ = {isa = PBXFileReference; lastKnownFileType = text.plist.xml; path = Info.plist; sourceTree = "<group>"; };
		4CD0DA201A3A3E3300FCEF43 /* SchismTests.swift */ = {isa = PBXFileReference; lastKnownFileType = sourcecode.swift; path = SchismTests.swift; sourceTree = "<group>"; };
		4CD0DA2A1A3A55EB00FCEF43 /* ActivesViewController.swift */ = {isa = PBXFileReference; fileEncoding = 4; lastKnownFileType = sourcecode.swift; path = ActivesViewController.swift; sourceTree = "<group>"; };
		4CD0DA2C1A3A560200FCEF43 /* ExpiredsViewController.swift */ = {isa = PBXFileReference; fileEncoding = 4; lastKnownFileType = sourcecode.swift; path = ExpiredsViewController.swift; sourceTree = "<group>"; };
		4CD0DA2E1A3A561500FCEF43 /* StatsViewController.swift */ = {isa = PBXFileReference; fileEncoding = 4; lastKnownFileType = sourcecode.swift; path = StatsViewController.swift; sourceTree = "<group>"; };
		4CD0DA301A3A562E00FCEF43 /* NewSchismViewController.swift */ = {isa = PBXFileReference; fileEncoding = 4; lastKnownFileType = sourcecode.swift; path = NewSchismViewController.swift; sourceTree = "<group>"; };
		4CD0DA321A3A563C00FCEF43 /* HelpViewController.swift */ = {isa = PBXFileReference; fileEncoding = 4; lastKnownFileType = sourcecode.swift; path = HelpViewController.swift; sourceTree = "<group>"; };
		4CD85BDA1A3BA54C00AE2368 /* CustomCell1.swift */ = {isa = PBXFileReference; fileEncoding = 4; lastKnownFileType = sourcecode.swift; path = CustomCell1.swift; sourceTree = "<group>"; };
		4CD85BDE1A3BB9A800AE2368 /* Images.xcassets */ = {isa = PBXFileReference; lastKnownFileType = folder.assetcatalog; name = Images.xcassets; path = ../Images.xcassets; sourceTree = "<group>"; };
/* End PBXFileReference section */

/* Begin PBXFrameworksBuildPhase section */
		4CD0DA021A3A3E3100FCEF43 /* Frameworks */ = {
			isa = PBXFrameworksBuildPhase;
			buildActionMask = 2147483647;
			files = (
				4C51F62D1A3AC44C0007DF1E /* CoreLocation.framework in Frameworks */,
			);
			runOnlyForDeploymentPostprocessing = 0;
		};
		4CD0DA171A3A3E3300FCEF43 /* Frameworks */ = {
			isa = PBXFrameworksBuildPhase;
			buildActionMask = 2147483647;
			files = (
			);
			runOnlyForDeploymentPostprocessing = 0;
		};
/* End PBXFrameworksBuildPhase section */

/* Begin PBXGroup section */
		4C51F6231A3AA0390007DF1E /* Images */ = {
			isa = PBXGroup;
			children = (
				4C51F6261A3AA1030007DF1E /* icon.png */,
			);
			name = Images;
			sourceTree = "<group>";
		};
		4CD0D9FC1A3A3E2F00FCEF43 = {
			isa = PBXGroup;
			children = (
				4C51F62C1A3AC44B0007DF1E /* CoreLocation.framework */,
				4CD0DA071A3A3E3100FCEF43 /* Schism */,
				4CD0DA1D1A3A3E3300FCEF43 /* SchismTests */,
				4CD0DA061A3A3E3100FCEF43 /* Products */,
			);
			sourceTree = "<group>";
		};
		4CD0DA061A3A3E3100FCEF43 /* Products */ = {
			isa = PBXGroup;
			children = (
				4CD0DA051A3A3E3100FCEF43 /* Schism.app */,
				4CD0DA1A1A3A3E3300FCEF43 /* SchismTests.xctest */,
			);
			name = Products;
			sourceTree = "<group>";
		};
		4CD0DA071A3A3E3100FCEF43 /* Schism */ = {
			isa = PBXGroup;
			children = (
				4CD0DA0A1A3A3E3200FCEF43 /* AppDelegate.swift */,
				4C8CE8651A3A6A6F00377DD2 /* SchismLib.swift */,
				4C2804821A3B81310073655C /* CustomCell.swift */,
				4CD85BDA1A3BA54C00AE2368 /* CustomCell1.swift */,
				4CD0DA0C1A3A3E3200FCEF43 /* ViewController.swift */,
				4CD0DA2A1A3A55EB00FCEF43 /* ActivesViewController.swift */,
				4CD0DA2C1A3A560200FCEF43 /* ExpiredsViewController.swift */,
				4CD0DA2E1A3A561500FCEF43 /* StatsViewController.swift */,
				4CD0DA301A3A562E00FCEF43 /* NewSchismViewController.swift */,
				4CD0DA321A3A563C00FCEF43 /* HelpViewController.swift */,
				4C51F6281A3AA5F80007DF1E /* data.swift */,
				4C51F62A1A3AA6180007DF1E /* network.swift */,
				4CD0DA0E1A3A3E3200FCEF43 /* Main.storyboard */,
				4CD0DA131A3A3E3200FCEF43 /* LaunchScreen.xib */,
				4CD85BDE1A3BB9A800AE2368 /* Images.xcassets */,
				4C51F6231A3AA0390007DF1E /* Images */,
				4CD0DA081A3A3E3200FCEF43 /* Supporting Files */,
			);
			path = Schism;
			sourceTree = "<group>";
		};
		4CD0DA081A3A3E3200FCEF43 /* Supporting Files */ = {
			isa = PBXGroup;
			children = (
				4CD0DA091A3A3E3200FCEF43 /* Info.plist */,
			);
			name = "Supporting Files";
			sourceTree = "<group>";
		};
		4CD0DA1D1A3A3E3300FCEF43 /* SchismTests */ = {
			isa = PBXGroup;
			children = (
				4CD0DA201A3A3E3300FCEF43 /* SchismTests.swift */,
				4CD0DA1E1A3A3E3300FCEF43 /* Supporting Files */,
			);
			path = SchismTests;
			sourceTree = "<group>";
		};
		4CD0DA1E1A3A3E3300FCEF43 /* Supporting Files */ = {
			isa = PBXGroup;
			children = (
				4CD0DA1F1A3A3E3300FCEF43 /* Info.plist */,
			);
			name = "Supporting Files";
			sourceTree = "<group>";
		};
/* End PBXGroup section */

/* Begin PBXNativeTarget section */
		4CD0DA041A3A3E3100FCEF43 /* Schism */ = {
			isa = PBXNativeTarget;
			buildConfigurationList = 4CD0DA241A3A3E3300FCEF43 /* Build configuration list for PBXNativeTarget "Schism" */;
			buildPhases = (
				4CD0DA011A3A3E3100FCEF43 /* Sources */,
				4CD0DA021A3A3E3100FCEF43 /* Frameworks */,
				4CD0DA031A3A3E3100FCEF43 /* Resources */,
			);
			buildRules = (
			);
			dependencies = (
			);
			name = Schism;
			productName = Schism;
			productReference = 4CD0DA051A3A3E3100FCEF43 /* Schism.app */;
			productType = "com.apple.product-type.application";
		};
		4CD0DA191A3A3E3300FCEF43 /* SchismTests */ = {
			isa = PBXNativeTarget;
			buildConfigurationList = 4CD0DA271A3A3E3300FCEF43 /* Build configuration list for PBXNativeTarget "SchismTests" */;
			buildPhases = (
				4CD0DA161A3A3E3300FCEF43 /* Sources */,
				4CD0DA171A3A3E3300FCEF43 /* Frameworks */,
				4CD0DA181A3A3E3300FCEF43 /* Resources */,
			);
			buildRules = (
			);
			dependencies = (
				4CD0DA1C1A3A3E3300FCEF43 /* PBXTargetDependency */,
			);
			name = SchismTests;
			productName = SchismTests;
			productReference = 4CD0DA1A1A3A3E3300FCEF43 /* SchismTests.xctest */;
			productType = "com.apple.product-type.bundle.unit-test";
		};
/* End PBXNativeTarget section */

/* Begin PBXProject section */
		4CD0D9FD1A3A3E3000FCEF43 /* Project object */ = {
			isa = PBXProject;
			attributes = {
				LastUpgradeCheck = 0610;
				ORGANIZATIONNAME = "Austin Zimmer";
				TargetAttributes = {
					4CD0DA041A3A3E3100FCEF43 = {
						CreatedOnToolsVersion = 6.1.1;
						DevelopmentTeam = R7XA8U6GYF;
					};
					4CD0DA191A3A3E3300FCEF43 = {
						CreatedOnToolsVersion = 6.1.1;
						TestTargetID = 4CD0DA041A3A3E3100FCEF43;
					};
				};
			};
			buildConfigurationList = 4CD0DA001A3A3E3000FCEF43 /* Build configuration list for PBXProject "Schism" */;
			compatibilityVersion = "Xcode 3.2";
			developmentRegion = English;
			hasScannedForEncodings = 0;
			knownRegions = (
				en,
				Base,
			);
			mainGroup = 4CD0D9FC1A3A3E2F00FCEF43;
			productRefGroup = 4CD0DA061A3A3E3100FCEF43 /* Products */;
			projectDirPath = "";
			projectRoot = "";
			targets = (
				4CD0DA041A3A3E3100FCEF43 /* Schism */,
				4CD0DA191A3A3E3300FCEF43 /* SchismTests */,
			);
		};
/* End PBXProject section */

/* Begin PBXResourcesBuildPhase section */
		4CD0DA031A3A3E3100FCEF43 /* Resources */ = {
			isa = PBXResourcesBuildPhase;
			buildActionMask = 2147483647;
			files = (
				4C51F6271A3AA1030007DF1E /* icon.png in Resources */,
				4CD85BDF1A3BB9A800AE2368 /* Images.xcassets in Resources */,
				4CD0DA101A3A3E3200FCEF43 /* Main.storyboard in Resources */,
				4CD0DA151A3A3E3200FCEF43 /* LaunchScreen.xib in Resources */,
			);
			runOnlyForDeploymentPostprocessing = 0;
		};
		4CD0DA181A3A3E3300FCEF43 /* Resources */ = {
			isa = PBXResourcesBuildPhase;
			buildActionMask = 2147483647;
			files = (
			);
			runOnlyForDeploymentPostprocessing = 0;
		};
/* End PBXResourcesBuildPhase section */

/* Begin PBXSourcesBuildPhase section */
		4CD0DA011A3A3E3100FCEF43 /* Sources */ = {
			isa = PBXSourcesBuildPhase;
			buildActionMask = 2147483647;
			files = (
				4CD85BDB1A3BA54C00AE2368 /* CustomCell1.swift in Sources */,
				4C8CE8661A3A6A6F00377DD2 /* SchismLib.swift in Sources */,
				4CD0DA331A3A563C00FCEF43 /* HelpViewController.swift in Sources */,
				4C2804831A3B81310073655C /* CustomCell.swift in Sources */,
				4C51F62B1A3AA6180007DF1E /* network.swift in Sources */,
				4CD0DA0D1A3A3E3200FCEF43 /* ViewController.swift in Sources */,
				4CD0DA0B1A3A3E3200FCEF43 /* AppDelegate.swift in Sources */,
				4CD0DA311A3A562E00FCEF43 /* NewSchismViewController.swift in Sources */,
				4CD0DA2D1A3A560200FCEF43 /* ExpiredsViewController.swift in Sources */,
				4CD0DA2F1A3A561500FCEF43 /* StatsViewController.swift in Sources */,
				4C51F6291A3AA5F80007DF1E /* data.swift in Sources */,
				4CD0DA2B1A3A55EC00FCEF43 /* ActivesViewController.swift in Sources */,
			);
			runOnlyForDeploymentPostprocessing = 0;
		};
		4CD0DA161A3A3E3300FCEF43 /* Sources */ = {
			isa = PBXSourcesBuildPhase;
			buildActionMask = 2147483647;
			files = (
				4CD0DA211A3A3E3300FCEF43 /* SchismTests.swift in Sources */,
			);
			runOnlyForDeploymentPostprocessing = 0;
		};
/* End PBXSourcesBuildPhase section */

/* Begin PBXTargetDependency section */
		4CD0DA1C1A3A3E3300FCEF43 /* PBXTargetDependency */ = {
			isa = PBXTargetDependency;
			target = 4CD0DA041A3A3E3100FCEF43 /* Schism */;
			targetProxy = 4CD0DA1B1A3A3E3300FCEF43 /* PBXContainerItemProxy */;
		};
/* End PBXTargetDependency section */

/* Begin PBXVariantGroup section */
		4CD0DA0E1A3A3E3200FCEF43 /* Main.storyboard */ = {
			isa = PBXVariantGroup;
			children = (
				4CD0DA0F1A3A3E3200FCEF43 /* Base */,
			);
			name = Main.storyboard;
			sourceTree = "<group>";
		};
		4CD0DA131A3A3E3200FCEF43 /* LaunchScreen.xib */ = {
			isa = PBXVariantGroup;
			children = (
				4CD0DA141A3A3E3200FCEF43 /* Base */,
			);
			name = LaunchScreen.xib;
			sourceTree = "<group>";
		};
/* End PBXVariantGroup section */

/* Begin XCBuildConfiguration section */
		4CD0DA221A3A3E3300FCEF43 /* Debug */ = {
			isa = XCBuildConfiguration;
			buildSettings = {
				ALWAYS_SEARCH_USER_PATHS = NO;
				CLANG_CXX_LANGUAGE_STANDARD = "gnu++0x";
				CLANG_CXX_LIBRARY = "libc++";
				CLANG_ENABLE_MODULES = YES;
				CLANG_ENABLE_OBJC_ARC = YES;
				CLANG_WARN_BOOL_CONVERSION = YES;
				CLANG_WARN_CONSTANT_CONVERSION = YES;
				CLANG_WARN_DIRECT_OBJC_ISA_USAGE = YES_ERROR;
				CLANG_WARN_EMPTY_BODY = YES;
				CLANG_WARN_ENUM_CONVERSION = YES;
				CLANG_WARN_INT_CONVERSION = YES;
				CLANG_WARN_OBJC_ROOT_CLASS = YES_ERROR;
				CLANG_WARN_UNREACHABLE_CODE = YES;
				CLANG_WARN__DUPLICATE_METHOD_MATCH = YES;
				"CODE_SIGN_IDENTITY[sdk=iphoneos*]" = "iPhone Developer";
				COPY_PHASE_STRIP = NO;
				ENABLE_STRICT_OBJC_MSGSEND = YES;
				GCC_C_LANGUAGE_STANDARD = gnu99;
				GCC_DYNAMIC_NO_PIC = NO;
				GCC_OPTIMIZATION_LEVEL = 0;
				GCC_PREPROCESSOR_DEFINITIONS = (
					"DEBUG=1",
					"$(inherited)",
				);
				GCC_SYMBOLS_PRIVATE_EXTERN = NO;
				GCC_WARN_64_TO_32_BIT_CONVERSION = YES;
				GCC_WARN_ABOUT_RETURN_TYPE = YES_ERROR;
				GCC_WARN_UNDECLARED_SELECTOR = YES;
				GCC_WARN_UNINITIALIZED_AUTOS = YES_AGGRESSIVE;
				GCC_WARN_UNUSED_FUNCTION = YES;
				GCC_WARN_UNUSED_VARIABLE = YES;
				IPHONEOS_DEPLOYMENT_TARGET = 8.1;
				MTL_ENABLE_DEBUG_INFO = YES;
				ONLY_ACTIVE_ARCH = YES;
				SDKROOT = iphoneos;
				SWIFT_OPTIMIZATION_LEVEL = "-Onone";
			};
			name = Debug;
		};
		4CD0DA231A3A3E3300FCEF43 /* Release */ = {
			isa = XCBuildConfiguration;
			buildSettings = {
				ALWAYS_SEARCH_USER_PATHS = NO;
				CLANG_CXX_LANGUAGE_STANDARD = "gnu++0x";
				CLANG_CXX_LIBRARY = "libc++";
				CLANG_ENABLE_MODULES = YES;
				CLANG_ENABLE_OBJC_ARC = YES;
				CLANG_WARN_BOOL_CONVERSION = YES;
				CLANG_WARN_CONSTANT_CONVERSION = YES;
				CLANG_WARN_DIRECT_OBJC_ISA_USAGE = YES_ERROR;
				CLANG_WARN_EMPTY_BODY = YES;
				CLANG_WARN_ENUM_CONVERSION = YES;
				CLANG_WARN_INT_CONVERSION = YES;
				CLANG_WARN_OBJC_ROOT_CLASS = YES_ERROR;
				CLANG_WARN_UNREACHABLE_CODE = YES;
				CLANG_WARN__DUPLICATE_METHOD_MATCH = YES;
				"CODE_SIGN_IDENTITY[sdk=iphoneos*]" = "iPhone Developer";
				COPY_PHASE_STRIP = YES;
				ENABLE_NS_ASSERTIONS = NO;
				ENABLE_STRICT_OBJC_MSGSEND = YES;
				GCC_C_LANGUAGE_STANDARD = gnu99;
				GCC_WARN_64_TO_32_BIT_CONVERSION = YES;
				GCC_WARN_ABOUT_RETURN_TYPE = YES_ERROR;
				GCC_WARN_UNDECLARED_SELECTOR = YES;
				GCC_WARN_UNINITIALIZED_AUTOS = YES_AGGRESSIVE;
				GCC_WARN_UNUSED_FUNCTION = YES;
				GCC_WARN_UNUSED_VARIABLE = YES;
				IPHONEOS_DEPLOYMENT_TARGET = 8.1;
				MTL_ENABLE_DEBUG_INFO = NO;
				SDKROOT = iphoneos;
				VALIDATE_PRODUCT = YES;
			};
			name = Release;
		};
		4CD0DA251A3A3E3300FCEF43 /* Debug */ = {
			isa = XCBuildConfiguration;
			buildSettings = {
				ASSETCATALOG_COMPILER_APPICON_NAME = AppIcon;
				CODE_SIGN_IDENTITY = "iPhone Developer";
				"CODE_SIGN_IDENTITY[sdk=iphoneos*]" = "iPhone Developer";
				INFOPLIST_FILE = Schism/Info.plist;
				LD_RUNPATH_SEARCH_PATHS = "$(inherited) @executable_path/Frameworks";
				PRODUCT_NAME = "$(TARGET_NAME)";
				PROVISIONING_PROFILE = "";
			};
			name = Debug;
		};
		4CD0DA261A3A3E3300FCEF43 /* Release */ = {
			isa = XCBuildConfiguration;
			buildSettings = {
				ASSETCATALOG_COMPILER_APPICON_NAME = AppIcon;
				CODE_SIGN_IDENTITY = "iPhone Developer";
				"CODE_SIGN_IDENTITY[sdk=iphoneos*]" = "iPhone Developer";
				INFOPLIST_FILE = Schism/Info.plist;
				LD_RUNPATH_SEARCH_PATHS = "$(inherited) @executable_path/Frameworks";
				PRODUCT_NAME = "$(TARGET_NAME)";
				PROVISIONING_PROFILE = "";
			};
			name = Release;
		};
		4CD0DA281A3A3E3300FCEF43 /* Debug */ = {
			isa = XCBuildConfiguration;
			buildSettings = {
				BUNDLE_LOADER = "$(TEST_HOST)";
				FRAMEWORK_SEARCH_PATHS = (
					"$(SDKROOT)/Developer/Library/Frameworks",
					"$(inherited)",
				);
				GCC_PREPROCESSOR_DEFINITIONS = (
					"DEBUG=1",
					"$(inherited)",
				);
				INFOPLIST_FILE = SchismTests/Info.plist;
				LD_RUNPATH_SEARCH_PATHS = "$(inherited) @executable_path/Frameworks @loader_path/Frameworks";
				PRODUCT_NAME = "$(TARGET_NAME)";
				TEST_HOST = "$(BUILT_PRODUCTS_DIR)/Schism.app/Schism";
			};
			name = Debug;
		};
		4CD0DA291A3A3E3300FCEF43 /* Release */ = {
			isa = XCBuildConfiguration;
			buildSettings = {
				BUNDLE_LOADER = "$(TEST_HOST)";
				FRAMEWORK_SEARCH_PATHS = (
					"$(SDKROOT)/Developer/Library/Frameworks",
					"$(inherited)",
				);
				INFOPLIST_FILE = SchismTests/Info.plist;
				LD_RUNPATH_SEARCH_PATHS = "$(inherited) @executable_path/Frameworks @loader_path/Frameworks";
				PRODUCT_NAME = "$(TARGET_NAME)";
				TEST_HOST = "$(BUILT_PRODUCTS_DIR)/Schism.app/Schism";
			};
			name = Release;
		};
/* End XCBuildConfiguration section */

/* Begin XCConfigurationList section */
		4CD0DA001A3A3E3000FCEF43 /* Build configuration list for PBXProject "Schism" */ = {
			isa = XCConfigurationList;
			buildConfigurations = (
				4CD0DA221A3A3E3300FCEF43 /* Debug */,
				4CD0DA231A3A3E3300FCEF43 /* Release */,
			);
			defaultConfigurationIsVisible = 0;
			defaultConfigurationName = Release;
		};
		4CD0DA241A3A3E3300FCEF43 /* Build configuration list for PBXNativeTarget "Schism" */ = {
			isa = XCConfigurationList;
			buildConfigurations = (
				4CD0DA251A3A3E3300FCEF43 /* Debug */,
				4CD0DA261A3A3E3300FCEF43 /* Release */,
			);
			defaultConfigurationIsVisible = 0;
			defaultConfigurationName = Release;
		};
		4CD0DA271A3A3E3300FCEF43 /* Build configuration list for PBXNativeTarget "SchismTests" */ = {
			isa = XCConfigurationList;
			buildConfigurations = (
				4CD0DA281A3A3E3300FCEF43 /* Debug */,
				4CD0DA291A3A3E3300FCEF43 /* Release */,
			);
			defaultConfigurationIsVisible = 0;
			defaultConfigurationName = Release;
		};
/* End XCConfigurationList section */
	};
	rootObject = 4CD0D9FD1A3A3E3000FCEF43 /* Project object */;
}
